// !$*UTF8*$!
{
	archiveVersion = 1;
	classes = {
	};
	objectVersion = 46;
	objects = {

/* Begin PBXBuildFile section */
		2142503D1E9F81A6007311C0 /* ChatLogController.swift in Sources */ = {isa = PBXBuildFile; fileRef = 2142503C1E9F81A6007311C0 /* ChatLogController.swift */; };
		2156BDAC1E9E5559004155E3 /* Extensions.swift in Sources */ = {isa = PBXBuildFile; fileRef = 2156BDAB1E9E5559004155E3 /* Extensions.swift */; };
		2156BDAE1E9E55F4004155E3 /* Messages.swift in Sources */ = {isa = PBXBuildFile; fileRef = 2156BDAD1E9E55F4004155E3 /* Messages.swift */; };
		2156BDB11E9E58EC004155E3 /* UserCell.swift in Sources */ = {isa = PBXBuildFile; fileRef = 2156BDB01E9E58EC004155E3 /* UserCell.swift */; };
		2170A0C81E9E02FD00A54784 /* NewMessageController.swift in Sources */ = {isa = PBXBuildFile; fileRef = 2170A0C71E9E02FD00A54784 /* NewMessageController.swift */; };
		2170A0CA1E9E0BBD00A54784 /* User.swift in Sources */ = {isa = PBXBuildFile; fileRef = 2170A0C91E9E0BBD00A54784 /* User.swift */; };
		2170A0CD1E9E1C1700A54784 /* LoginController+handlers.swift in Sources */ = {isa = PBXBuildFile; fileRef = 2170A0CC1E9E1C1700A54784 /* LoginController+handlers.swift */; };
		21FF3FF91E9CA64E0094483A /* AppDelegate.swift in Sources */ = {isa = PBXBuildFile; fileRef = 21FF3FF81E9CA64E0094483A /* AppDelegate.swift */; };
		21FF3FFB1E9CA64E0094483A /* MessagesController.swift in Sources */ = {isa = PBXBuildFile; fileRef = 21FF3FFA1E9CA64E0094483A /* MessagesController.swift */; };
		21FF3FFE1E9CA64E0094483A /* Main.storyboard in Resources */ = {isa = PBXBuildFile; fileRef = 21FF3FFC1E9CA64E0094483A /* Main.storyboard */; };
		21FF40001E9CA64E0094483A /* Assets.xcassets in Resources */ = {isa = PBXBuildFile; fileRef = 21FF3FFF1E9CA64E0094483A /* Assets.xcassets */; };
		21FF40031E9CA64E0094483A /* LaunchScreen.storyboard in Resources */ = {isa = PBXBuildFile; fileRef = 21FF40011E9CA64E0094483A /* LaunchScreen.storyboard */; };
		21FF400C1E9CAAA30094483A /* LoginViewController.swift in Sources */ = {isa = PBXBuildFile; fileRef = 21FF400B1E9CAAA30094483A /* LoginViewController.swift */; };
		21FF400E1E9CCB8F0094483A /* GoogleService-Info.plist in Resources */ = {isa = PBXBuildFile; fileRef = 21FF400D1E9CCB8F0094483A /* GoogleService-Info.plist */; };
		880BDA0775EABC92453A4721 /* Pods_aChat.framework in Frameworks */ = {isa = PBXBuildFile; fileRef = B9102F0BFFEDD3AC652DA40A /* Pods_aChat.framework */; };
/* End PBXBuildFile section */

/* Begin PBXFileReference section */
		1BC855BC283C6EB50C2CD7F4 /* Pods-aChat.debug.xcconfig */ = {isa = PBXFileReference; includeInIndex = 1; lastKnownFileType = text.xcconfig; name = "Pods-aChat.debug.xcconfig"; path = "Pods/Target Support Files/Pods-aChat/Pods-aChat.debug.xcconfig"; sourceTree = "<group>"; };
		2142503B1E9F7196007311C0 /* aChat.entitlements */ = {isa = PBXFileReference; lastKnownFileType = text.plist.entitlements; path = aChat.entitlements; sourceTree = "<group>"; };
		2142503C1E9F81A6007311C0 /* ChatLogController.swift */ = {isa = PBXFileReference; fileEncoding = 4; lastKnownFileType = sourcecode.swift; path = ChatLogController.swift; sourceTree = "<group>"; };
		2156BDAB1E9E5559004155E3 /* Extensions.swift */ = {isa = PBXFileReference; fileEncoding = 4; lastKnownFileType = sourcecode.swift; path = Extensions.swift; sourceTree = "<group>"; };
		2156BDAD1E9E55F4004155E3 /* Messages.swift */ = {isa = PBXFileReference; fileEncoding = 4; lastKnownFileType = sourcecode.swift; path = Messages.swift; sourceTree = "<group>"; };
		2156BDB01E9E58EC004155E3 /* UserCell.swift */ = {isa = PBXFileReference; fileEncoding = 4; lastKnownFileType = sourcecode.swift; path = UserCell.swift; sourceTree = "<group>"; };
		2170A0C71E9E02FD00A54784 /* NewMessageController.swift */ = {isa = PBXFileReference; fileEncoding = 4; lastKnownFileType = sourcecode.swift; path = NewMessageController.swift; sourceTree = "<group>"; };
		2170A0C91E9E0BBD00A54784 /* User.swift */ = {isa = PBXFileReference; fileEncoding = 4; lastKnownFileType = sourcecode.swift; path = User.swift; sourceTree = "<group>"; };
		2170A0CC1E9E1C1700A54784 /* LoginController+handlers.swift */ = {isa = PBXFileReference; fileEncoding = 4; lastKnownFileType = sourcecode.swift; path = "LoginController+handlers.swift"; sourceTree = "<group>"; };
		21FF3FF51E9CA64E0094483A /* aChat.app */ = {isa = PBXFileReference; explicitFileType = wrapper.application; includeInIndex = 0; path = aChat.app; sourceTree = BUILT_PRODUCTS_DIR; };
		21FF3FF81E9CA64E0094483A /* AppDelegate.swift */ = {isa = PBXFileReference; lastKnownFileType = sourcecode.swift; path = AppDelegate.swift; sourceTree = "<group>"; };
		21FF3FFA1E9CA64E0094483A /* MessagesController.swift */ = {isa = PBXFileReference; lastKnownFileType = sourcecode.swift; path = MessagesController.swift; sourceTree = "<group>"; };
		21FF3FFD1E9CA64E0094483A /* Base */ = {isa = PBXFileReference; lastKnownFileType = file.storyboard; name = Base; path = Base.lproj/Main.storyboard; sourceTree = "<group>"; };
		21FF3FFF1E9CA64E0094483A /* Assets.xcassets */ = {isa = PBXFileReference; lastKnownFileType = folder.assetcatalog; path = Assets.xcassets; sourceTree = "<group>"; };
		21FF40021E9CA64E0094483A /* Base */ = {isa = PBXFileReference; lastKnownFileType = file.storyboard; name = Base; path = Base.lproj/LaunchScreen.storyboard; sourceTree = "<group>"; };
		21FF40041E9CA64E0094483A /* Info.plist */ = {isa = PBXFileReference; lastKnownFileType = text.plist.xml; path = Info.plist; sourceTree = "<group>"; };
		21FF400B1E9CAAA30094483A /* LoginViewController.swift */ = {isa = PBXFileReference; fileEncoding = 4; lastKnownFileType = sourcecode.swift; path = LoginViewController.swift; sourceTree = "<group>"; };
		21FF400D1E9CCB8F0094483A /* GoogleService-Info.plist */ = {isa = PBXFileReference; fileEncoding = 4; lastKnownFileType = text.plist.xml; path = "GoogleService-Info.plist"; sourceTree = "<group>"; };
		4E58811A49E20D04D1C1A0AE /* Pods-aChat.release.xcconfig */ = {isa = PBXFileReference; includeInIndex = 1; lastKnownFileType = text.xcconfig; name = "Pods-aChat.release.xcconfig"; path = "Pods/Target Support Files/Pods-aChat/Pods-aChat.release.xcconfig"; sourceTree = "<group>"; };
		B9102F0BFFEDD3AC652DA40A /* Pods_aChat.framework */ = {isa = PBXFileReference; explicitFileType = wrapper.framework; includeInIndex = 0; path = Pods_aChat.framework; sourceTree = BUILT_PRODUCTS_DIR; };
/* End PBXFileReference section */

/* Begin PBXFrameworksBuildPhase section */
		21FF3FF21E9CA64E0094483A /* Frameworks */ = {
			isa = PBXFrameworksBuildPhase;
			buildActionMask = 2147483647;
			files = (
				880BDA0775EABC92453A4721 /* Pods_aChat.framework in Frameworks */,
			);
			runOnlyForDeploymentPostprocessing = 0;
		};
/* End PBXFrameworksBuildPhase section */

/* Begin PBXGroup section */
		2156BDAF1E9E58BC004155E3 /* View */ = {
			isa = PBXGroup;
			children = (
				2156BDB01E9E58EC004155E3 /* UserCell.swift */,
			);
			name = View;
			sourceTree = "<group>";
		};
		2170A0CB1E9E1AD500A54784 /* Model */ = {
			isa = PBXGroup;
			children = (
				2156BDAB1E9E5559004155E3 /* Extensions.swift */,
				2170A0C91E9E0BBD00A54784 /* User.swift */,
				2156BDAD1E9E55F4004155E3 /* Messages.swift */,
			);
			name = Model;
			sourceTree = "<group>";
		};
		21FF3FEC1E9CA64E0094483A = {
			isa = PBXGroup;
			children = (
				21FF3FF71E9CA64E0094483A /* aChat */,
				21FF3FF61E9CA64E0094483A /* Products */,
				5B3D807400C3C867EECECAC7 /* Pods */,
				5CE04C2E5480AB1DA66FFFA5 /* Frameworks */,
			);
			sourceTree = "<group>";
		};
		21FF3FF61E9CA64E0094483A /* Products */ = {
			isa = PBXGroup;
			children = (
				21FF3FF51E9CA64E0094483A /* aChat.app */,
			);
			name = Products;
			sourceTree = "<group>";
		};
		21FF3FF71E9CA64E0094483A /* aChat */ = {
			isa = PBXGroup;
			children = (
				2142503B1E9F7196007311C0 /* aChat.entitlements */,
				2156BDAF1E9E58BC004155E3 /* View */,
				2170A0CB1E9E1AD500A54784 /* Model */,
				21FF400A1E9CAA750094483A /* Controller */,
				21FF3FFC1E9CA64E0094483A /* Main.storyboard */,
				21FF3FF81E9CA64E0094483A /* AppDelegate.swift */,
				21FF3FFF1E9CA64E0094483A /* Assets.xcassets */,
				21FF40011E9CA64E0094483A /* LaunchScreen.storyboard */,
				21FF400D1E9CCB8F0094483A /* GoogleService-Info.plist */,
				21FF40041E9CA64E0094483A /* Info.plist */,
			);
			path = aChat;
			sourceTree = "<group>";
		};
		21FF400A1E9CAA750094483A /* Controller */ = {
			isa = PBXGroup;
			children = (
				2170A0CC1E9E1C1700A54784 /* LoginController+handlers.swift */,
				21FF3FFA1E9CA64E0094483A /* MessagesController.swift */,
				2170A0C71E9E02FD00A54784 /* NewMessageController.swift */,
				21FF400B1E9CAAA30094483A /* LoginViewController.swift */,
				2142503C1E9F81A6007311C0 /* ChatLogController.swift */,
			);
			name = Controller;
			sourceTree = "<group>";
		};
		5B3D807400C3C867EECECAC7 /* Pods */ = {
			isa = PBXGroup;
			children = (
				1BC855BC283C6EB50C2CD7F4 /* Pods-aChat.debug.xcconfig */,
				4E58811A49E20D04D1C1A0AE /* Pods-aChat.release.xcconfig */,
			);
			name = Pods;
			sourceTree = "<group>";
		};
		5CE04C2E5480AB1DA66FFFA5 /* Frameworks */ = {
			isa = PBXGroup;
			children = (
				B9102F0BFFEDD3AC652DA40A /* Pods_aChat.framework */,
			);
			name = Frameworks;
			sourceTree = "<group>";
		};
/* End PBXGroup section */

/* Begin PBXNativeTarget section */
		21FF3FF41E9CA64E0094483A /* aChat */ = {
			isa = PBXNativeTarget;
			buildConfigurationList = 21FF40071E9CA64E0094483A /* Build configuration list for PBXNativeTarget "aChat" */;
			buildPhases = (
				66E93B80D439824E121A5DF6 /* [CP] Check Pods Manifest.lock */,
				21FF3FF11E9CA64E0094483A /* Sources */,
				21FF3FF21E9CA64E0094483A /* Frameworks */,
				21FF3FF31E9CA64E0094483A /* Resources */,
				514035053A9E82A191907A18 /* [CP] Embed Pods Frameworks */,
				C8B089E76D6BCF56E3D3EA3C /* [CP] Copy Pods Resources */,
			);
			buildRules = (
			);
			dependencies = (
			);
			name = aChat;
			productName = aChat;
			productReference = 21FF3FF51E9CA64E0094483A /* aChat.app */;
			productType = "com.apple.product-type.application";
		};
/* End PBXNativeTarget section */

/* Begin PBXProject section */
		21FF3FED1E9CA64E0094483A /* Project object */ = {
			isa = PBXProject;
			attributes = {
				LastSwiftUpdateCheck = 0820;
				LastUpgradeCheck = 0820;
				ORGANIZATIONNAME = ArchieApps;
				TargetAttributes = {
					21FF3FF41E9CA64E0094483A = {
						CreatedOnToolsVersion = 8.2.1;
						DevelopmentTeam = ZQ547JDPVM;
						ProvisioningStyle = Manual;
						SystemCapabilities = {
							com.apple.Push = {
								enabled = 1;
							};
						};
					};
				};
			};
			buildConfigurationList = 21FF3FF01E9CA64E0094483A /* Build configuration list for PBXProject "aChat" */;
			compatibilityVersion = "Xcode 3.2";
			developmentRegion = English;
			hasScannedForEncodings = 0;
			knownRegions = (
				en,
				Base,
			);
			mainGroup = 21FF3FEC1E9CA64E0094483A;
			productRefGroup = 21FF3FF61E9CA64E0094483A /* Products */;
			projectDirPath = "";
			projectRoot = "";
			targets = (
				21FF3FF41E9CA64E0094483A /* aChat */,
			);
		};
/* End PBXProject section */

/* Begin PBXResourcesBuildPhase section */
		21FF3FF31E9CA64E0094483A /* Resources */ = {
			isa = PBXResourcesBuildPhase;
			buildActionMask = 2147483647;
			files = (
				21FF40031E9CA64E0094483A /* LaunchScreen.storyboard in Resources */,
				21FF400E1E9CCB8F0094483A /* GoogleService-Info.plist in Resources */,
				21FF40001E9CA64E0094483A /* Assets.xcassets in Resources */,
				21FF3FFE1E9CA64E0094483A /* Main.storyboard in Resources */,
			);
			runOnlyForDeploymentPostprocessing = 0;
		};
/* End PBXResourcesBuildPhase section */

/* Begin PBXShellScriptBuildPhase section */
		514035053A9E82A191907A18 /* [CP] Embed Pods Frameworks */ = {
			isa = PBXShellScriptBuildPhase;
			buildActionMask = 2147483647;
			files = (
			);
			inputPaths = (
			);
			name = "[CP] Embed Pods Frameworks";
			outputPaths = (
			);
			runOnlyForDeploymentPostprocessing = 0;
			shellPath = /bin/sh;
			shellScript = "\"${SRCROOT}/Pods/Target Support Files/Pods-aChat/Pods-aChat-frameworks.sh\"\n";
			showEnvVarsInLog = 0;
		};
		66E93B80D439824E121A5DF6 /* [CP] Check Pods Manifest.lock */ = {
			isa = PBXShellScriptBuildPhase;
			buildActionMask = 2147483647;
			files = (
			);
			inputPaths = (
			);
			name = "[CP] Check Pods Manifest.lock";
			outputPaths = (
			);
			runOnlyForDeploymentPostprocessing = 0;
			shellPath = /bin/sh;
			shellScript = "diff \"${PODS_ROOT}/../Podfile.lock\" \"${PODS_ROOT}/Manifest.lock\" > /dev/null\nif [ $? != 0 ] ; then\n    # print error to STDERR\n    echo \"error: The sandbox is not in sync with the Podfile.lock. Run 'pod install' or update your CocoaPods installation.\" >&2\n    exit 1\nfi\n";
			showEnvVarsInLog = 0;
		};
		C8B089E76D6BCF56E3D3EA3C /* [CP] Copy Pods Resources */ = {
			isa = PBXShellScriptBuildPhase;
			buildActionMask = 2147483647;
			files = (
			);
			inputPaths = (
			);
			name = "[CP] Copy Pods Resources";
			outputPaths = (
			);
			runOnlyForDeploymentPostprocessing = 0;
			shellPath = /bin/sh;
			shellScript = "\"${SRCROOT}/Pods/Target Support Files/Pods-aChat/Pods-aChat-resources.sh\"\n";
			showEnvVarsInLog = 0;
		};
/* End PBXShellScriptBuildPhase section */

/* Begin PBXSourcesBuildPhase section */
		21FF3FF11E9CA64E0094483A /* Sources */ = {
			isa = PBXSourcesBuildPhase;
			buildActionMask = 2147483647;
			files = (
				2142503D1E9F81A6007311C0 /* ChatLogController.swift in Sources */,
				2170A0C81E9E02FD00A54784 /* NewMessageController.swift in Sources */,
				2156BDAE1E9E55F4004155E3 /* Messages.swift in Sources */,
				21FF400C1E9CAAA30094483A /* LoginViewController.swift in Sources */,
				2170A0CD1E9E1C1700A54784 /* LoginController+handlers.swift in Sources */,
				21FF3FFB1E9CA64E0094483A /* MessagesController.swift in Sources */,
				2156BDB11E9E58EC004155E3 /* UserCell.swift in Sources */,
				2170A0CA1E9E0BBD00A54784 /* User.swift in Sources */,
				21FF3FF91E9CA64E0094483A /* AppDelegate.swift in Sources */,
				2156BDAC1E9E5559004155E3 /* Extensions.swift in Sources */,
			);
			runOnlyForDeploymentPostprocessing = 0;
		};
/* End PBXSourcesBuildPhase section */

/* Begin PBXVariantGroup section */
		21FF3FFC1E9CA64E0094483A /* Main.storyboard */ = {
			isa = PBXVariantGroup;
			children = (
				21FF3FFD1E9CA64E0094483A /* Base */,
			);
			name = Main.storyboard;
			sourceTree = "<group>";
		};
		21FF40011E9CA64E0094483A /* LaunchScreen.storyboard */ = {
			isa = PBXVariantGroup;
			children = (
				21FF40021E9CA64E0094483A /* Base */,
			);
			name = LaunchScreen.storyboard;
			sourceTree = "<group>";
		};
/* End PBXVariantGroup section */

/* Begin XCBuildConfiguration section */
		21FF40051E9CA64E0094483A /* Debug */ = {
			isa = XCBuildConfiguration;
			buildSettings = {
				ALWAYS_SEARCH_USER_PATHS = NO;
				CLANG_ANALYZER_NONNULL = YES;
				CLANG_CXX_LANGUAGE_STANDARD = "gnu++0x";
				CLANG_CXX_LIBRARY = "libc++";
				CLANG_ENABLE_MODULES = YES;
				CLANG_ENABLE_OBJC_ARC = YES;
				CLANG_WARN_BOOL_CONVERSION = YES;
				CLANG_WARN_CONSTANT_CONVERSION = YES;
				CLANG_WARN_DIRECT_OBJC_ISA_USAGE = YES_ERROR;
				CLANG_WARN_DOCUMENTATION_COMMENTS = YES;
				CLANG_WARN_EMPTY_BODY = YES;
				CLANG_WARN_ENUM_CONVERSION = YES;
				CLANG_WARN_INFINITE_RECURSION = YES;
				CLANG_WARN_INT_CONVERSION = YES;
				CLANG_WARN_OBJC_ROOT_CLASS = YES_ERROR;
				CLANG_WARN_SUSPICIOUS_MOVE = YES;
				CLANG_WARN_UNREACHABLE_CODE = YES;
				CLANG_WARN__DUPLICATE_METHOD_MATCH = YES;
				"CODE_SIGN_IDENTITY[sdk=iphoneos*]" = "iPhone Developer";
				COPY_PHASE_STRIP = NO;
				DEBUG_INFORMATION_FORMAT = dwarf;
				ENABLE_STRICT_OBJC_MSGSEND = YES;
				ENABLE_TESTABILITY = YES;
				GCC_C_LANGUAGE_STANDARD = gnu99;
				GCC_DYNAMIC_NO_PIC = NO;
				GCC_NO_COMMON_BLOCKS = YES;
				GCC_OPTIMIZATION_LEVEL = 0;
				GCC_PREPROCESSOR_DEFINITIONS = (
					"DEBUG=1",
					"$(inherited)",
				);
				GCC_WARN_64_TO_32_BIT_CONVERSION = YES;
				GCC_WARN_ABOUT_RETURN_TYPE = YES_ERROR;
				GCC_WARN_UNDECLARED_SELECTOR = YES;
				GCC_WARN_UNINITIALIZED_AUTOS = YES_AGGRESSIVE;
				GCC_WARN_UNUSED_FUNCTION = YES;
				GCC_WARN_UNUSED_VARIABLE = YES;
				IPHONEOS_DEPLOYMENT_TARGET = 10.2;
				MTL_ENABLE_DEBUG_INFO = YES;
				ONLY_ACTIVE_ARCH = YES;
				SDKROOT = iphoneos;
				SWIFT_ACTIVE_COMPILATION_CONDITIONS = DEBUG;
				SWIFT_OPTIMIZATION_LEVEL = "-Onone";
				TARGETED_DEVICE_FAMILY = "1,2";
			};
			name = Debug;
		};
		21FF40061E9CA64E0094483A /* Release */ = {
			isa = XCBuildConfiguration;
			buildSettings = {
				ALWAYS_SEARCH_USER_PATHS = NO;
				CLANG_ANALYZER_NONNULL = YES;
				CLANG_CXX_LANGUAGE_STANDARD = "gnu++0x";
				CLANG_CXX_LIBRARY = "libc++";
				CLANG_ENABLE_MODULES = YES;
				CLANG_ENABLE_OBJC_ARC = YES;
				CLANG_WARN_BOOL_CONVERSION = YES;
				CLANG_WARN_CONSTANT_CONVERSION = YES;
				CLANG_WARN_DIRECT_OBJC_ISA_USAGE = YES_ERROR;
				CLANG_WARN_DOCUMENTATION_COMMENTS = YES;
				CLANG_WARN_EMPTY_BODY = YES;
				CLANG_WARN_ENUM_CONVERSION = YES;
				CLANG_WARN_INFINITE_RECURSION = YES;
				CLANG_WARN_INT_CONVERSION = YES;
				CLANG_WARN_OBJC_ROOT_CLASS = YES_ERROR;
				CLANG_WARN_SUSPICIOUS_MOVE = YES;
				CLANG_WARN_UNREACHABLE_CODE = YES;
				CLANG_WARN__DUPLICATE_METHOD_MATCH = YES;
				"CODE_SIGN_IDENTITY[sdk=iphoneos*]" = "iPhone Developer";
				COPY_PHASE_STRIP = NO;
				DEBUG_INFORMATION_FORMAT = "dwarf-with-dsym";
				ENABLE_NS_ASSERTIONS = NO;
				ENABLE_STRICT_OBJC_MSGSEND = YES;
				GCC_C_LANGUAGE_STANDARD = gnu99;
				GCC_NO_COMMON_BLOCKS = YES;
				GCC_WARN_64_TO_32_BIT_CONVERSION = YES;
				GCC_WARN_ABOUT_RETURN_TYPE = YES_ERROR;
				GCC_WARN_UNDECLARED_SELECTOR = YES;
				GCC_WARN_UNINITIALIZED_AUTOS = YES_AGGRESSIVE;
				GCC_WARN_UNUSED_FUNCTION = YES;
				GCC_WARN_UNUSED_VARIABLE = YES;
				IPHONEOS_DEPLOYMENT_TARGET = 10.2;
				MTL_ENABLE_DEBUG_INFO = NO;
				SDKROOT = iphoneos;
				SWIFT_OPTIMIZATION_LEVEL = "-Owholemodule";
				TARGETED_DEVICE_FAMILY = "1,2";
				VALIDATE_PRODUCT = YES;
			};
			name = Release;
		};
		21FF40081E9CA64E0094483A /* Debug */ = {
			isa = XCBuildConfiguration;
			baseConfigurationReference = 1BC855BC283C6EB50C2CD7F4 /* Pods-aChat.debug.xcconfig */;
			buildSettings = {
				ASSETCATALOG_COMPILER_APPICON_NAME = AppIcon;
				CODE_SIGN_ENTITLEMENTS = aChat/aChat.entitlements;
				DEVELOPMENT_TEAM = ZQ547JDPVM;
				INFOPLIST_FILE = aChat/Info.plist;
				LD_RUNPATH_SEARCH_PATHS = "$(inherited) @executable_path/Frameworks";
				PRODUCT_BUNDLE_IDENTIFIER = com.ArchieApp.aChat;
				PRODUCT_NAME = "$(TARGET_NAME)";
				PROVISIONING_PROFILE = "1131043c-3af8-4a89-b6f0-5204ca714249";
				PROVISIONING_PROFILE_SPECIFIER = "aChat - Dev";
				SWIFT_VERSION = 3.0;
			};
			name = Debug;
		};
		21FF40091E9CA64E0094483A /* Release */ = {
			isa = XCBuildConfiguration;
			baseConfigurationReference = 4E58811A49E20D04D1C1A0AE /* Pods-aChat.release.xcconfig */;
			buildSettings = {
				ASSETCATALOG_COMPILER_APPICON_NAME = AppIcon;
				CODE_SIGN_ENTITLEMENTS = aChat/aChat.entitlements;
				"CODE_SIGN_IDENTITY[sdk=iphoneos*]" = "iPhone Distribution";
				DEVELOPMENT_TEAM = ZQ547JDPVM;
				INFOPLIST_FILE = aChat/Info.plist;
				LD_RUNPATH_SEARCH_PATHS = "$(inherited) @executable_path/Frameworks";
				PRODUCT_BUNDLE_IDENTIFIER = com.ArchieApp.aChat;
				PRODUCT_NAME = "$(TARGET_NAME)";
				PROVISIONING_PROFILE = "64e00fa2-2599-46e7-b4f0-4012849c446d";
				PROVISIONING_PROFILE_SPECIFIER = "aChat - AppStore";
				SWIFT_VERSION = 3.0;
			};
			name = Release;
		};
/* End XCBuildConfiguration section */

/* Begin XCConfigurationList section */
		21FF3FF01E9CA64E0094483A /* Build configuration list for PBXProject "aChat" */ = {
			isa = XCConfigurationList;
			buildConfigurations = (
				21FF40051E9CA64E0094483A /* Debug */,
				21FF40061E9CA64E0094483A /* Release */,
			);
			defaultConfigurationIsVisible = 0;
			defaultConfigurationName = Release;
		};
		21FF40071E9CA64E0094483A /* Build configuration list for PBXNativeTarget "aChat" */ = {
			isa = XCConfigurationList;
			buildConfigurations = (
				21FF40081E9CA64E0094483A /* Debug */,
				21FF40091E9CA64E0094483A /* Release */,
			);
			defaultConfigurationIsVisible = 0;
			defaultConfigurationName = Release;
		};
/* End XCConfigurationList section */
	};
	rootObject = 21FF3FED1E9CA64E0094483A /* Project object */;
}
